{
  "object": {
    "pins": [
      {
        "package": "Alamofire",
        "repositoryURL": "https://github.com/Alamofire/Alamofire.git",
        "state": {
          "branch": null,
          "revision": "eaf6e622dd41b07b251d8f01752eab31bc811493",
          "version": "5.4.1"
        }
      },
      {
        "package": "ObjectMapper",
        "repositoryURL": "https://github.com/tristanhimmelman/ObjectMapper.git",
        "state": {
          "branch": null,
          "revision": "0b96a734de3ea1c87374ae677064f86adb0716ec",
          "version": "4.2.0"
        }
      },
      {
        "package": "RemoteStoreAlamofire",
        "repositoryURL": "https://github.com/dsay/RemoteStoreAlamofire",
        "state": {
          "branch": null,
          "revision": "ff730665a2bebbe640367a7bdd3a49c4cb31776b",
          "version": "1.0.0"
        }
      },
      {
        "package": "SwiftRepository",
        "repositoryURL": "https://github.com/dsay/SwiftRepository.git",
        "state": {
          "branch": null,
          "revision": "59c892f3398c83248a5b340e65d6e8e769887dd9",
          "version": "1.0.2"
        }
      }
    ]
  },
  "version": 1
}
